
Microsoft Visual Studio Solution File, Format Version 12.00
# Visual Studio Version 16
VisualStudioVersion = 16.0.32002.261
MinimumVisualStudioVersion = 10.0.40219.1
Project("{FAE04EC0-301F-11D3-BF4B-00C04F79EFBC}") = "simple", "simple\simple.csproj", "{F6002487-8A05-4E7A-BA46-45AC8CB2D6E5}"
EndProject
Global
	GlobalSection(SolutionConfigurationPlatforms) = preSolution
		Debug|Any CPU = Debug|Any CPU
		Release|Any CPU = Release|Any CPU
	EndGlobalSection
	GlobalSection(ProjectConfigurationPlatforms) = postSolution
		{F6002487-8A05-4E7A-BA46-45AC8CB2D6E5}.Debug|Any CPU.ActiveCfg = Debug|Any CPU
		{F6002487-8A05-4E7A-BA46-45AC8CB2D6E5}.Debug|Any CPU.Build.0 = Debug|Any CPU
		{F6002487-8A05-4E7A-BA46-45AC8CB2D6E5}.Release|Any CPU.ActiveCfg = Release|Any CPU
		{F6002487-8A05-4E7A-BA46-45AC8CB2D6E5}.Release|Any CPU.Build.0 = Release|Any CPU
	EndGlobalSection
	GlobalSection(SolutionProperties) = preSolution
		HideSolutionNode = FALSE
	EndGlobalSection
	GlobalSection(ExtensibilityGlobals) = postSolution
		SolutionGuid = {7F7C7ED8-BAE5-45BE-9540-9481BF7D4804}
	EndGlobalSection
EndGlobal
